
Microsoft Visual Studio Solution File, Format Version 12.00
# Visual Studio Version 16
VisualStudioVersion = 16.0.30804.86
MinimumVisualStudioVersion = 10.0.40219.1
Project("{FAE04EC0-301F-11D3-BF4B-00C04F79EFBC}") = "RED_VK_Music_Saver", "RED_VK_Music_Saver\RED_VK_Music_Saver.csproj", "{36A2106D-E41C-413A-8677-ACC1E7C0DAB2}"
EndProject
Global
	GlobalSection(SolutionConfigurationPlatforms) = preSolution
		Debug|Any CPU = Debug|Any CPU
		Release|Any CPU = Release|Any CPU
	EndGlobalSection
	GlobalSection(ProjectConfigurationPlatforms) = postSolution
		{36A2106D-E41C-413A-8677-ACC1E7C0DAB2}.Debug|Any CPU.ActiveCfg = Debug|Any CPU
		{36A2106D-E41C-413A-8677-ACC1E7C0DAB2}.Debug|Any CPU.Build.0 = Debug|Any CPU
		{36A2106D-E41C-413A-8677-ACC1E7C0DAB2}.Release|Any CPU.ActiveCfg = Release|Any CPU
		{36A2106D-E41C-413A-8677-ACC1E7C0DAB2}.Release|Any CPU.Build.0 = Release|Any CPU
	EndGlobalSection
	GlobalSection(SolutionProperties) = preSolution
		HideSolutionNode = FALSE
	EndGlobalSection
	GlobalSection(ExtensibilityGlobals) = postSolution
		SolutionGuid = {3B079CA0-5A08-409D-BD5B-A2D02EB185E4}
	EndGlobalSection
EndGlobal
